
Microsoft Visual Studio Solution File, Format Version 12.00
# Visual Studio Version 17
VisualStudioVersion = 17.7.34202.233
MinimumVisualStudioVersion = 10.0.40219.1
Project("{FAE04EC0-301F-11D3-BF4B-00C04F79EFBC}") = "01.ChangeList", "01.ChangeList\01.ChangeList.csproj", "{94B0EDC1-B750-49EF-B9D5-A0861128131E}"
EndProject
Project("{FAE04EC0-301F-11D3-BF4B-00C04F79EFBC}") = "02.ListOfProducts", "02.ListOfProducts\02.ListOfProducts.csproj", "{A29CC423-B0BC-467C-899A-ABEB20BA549E}"
EndProject
Project("{FAE04EC0-301F-11D3-BF4B-00C04F79EFBC}") = "03.RemoveNegativesAndReverse", "03.RemoveNegativesAndReverse\03.RemoveNegativesAndReverse.csproj", "{FAC82A34-7965-4A32-A827-F9C21B9F67E7}"
EndProject
Project("{FAE04EC0-301F-11D3-BF4B-00C04F79EFBC}") = "04.ListManipulationBasics", "04.ListManipulationBasics\04.ListManipulationBasics.csproj", "{3B50F80F-09A0-4202-A37C-57796128D8CC}"
EndProject
Project("{FAE04EC0-301F-11D3-BF4B-00C04F79EFBC}") = "05.ListManipulationAdvanced", "05.ListManipulationAdvanced\05.ListManipulationAdvanced.csproj", "{7DF95AC5-BFEF-4AB7-9A80-434D3BD13C0E}"
EndProject
Global
	GlobalSection(SolutionConfigurationPlatforms) = preSolution
		Debug|Any CPU = Debug|Any CPU
		Release|Any CPU = Release|Any CPU
	EndGlobalSection
	GlobalSection(ProjectConfigurationPlatforms) = postSolution
		{94B0EDC1-B750-49EF-B9D5-A0861128131E}.Debug|Any CPU.ActiveCfg = Debug|Any CPU
		{94B0EDC1-B750-49EF-B9D5-A0861128131E}.Debug|Any CPU.Build.0 = Debug|Any CPU
		{94B0EDC1-B750-49EF-B9D5-A0861128131E}.Release|Any CPU.ActiveCfg = Release|Any CPU
		{94B0EDC1-B750-49EF-B9D5-A0861128131E}.Release|Any CPU.Build.0 = Release|Any CPU
		{A29CC423-B0BC-467C-899A-ABEB20BA549E}.Debug|Any CPU.ActiveCfg = Debug|Any CPU
		{A29CC423-B0BC-467C-899A-ABEB20BA549E}.Debug|Any CPU.Build.0 = Debug|Any CPU
		{A29CC423-B0BC-467C-899A-ABEB20BA549E}.Release|Any CPU.ActiveCfg = Release|Any CPU
		{A29CC423-B0BC-467C-899A-ABEB20BA549E}.Release|Any CPU.Build.0 = Release|Any CPU
		{FAC82A34-7965-4A32-A827-F9C21B9F67E7}.Debug|Any CPU.ActiveCfg = Debug|Any CPU
		{FAC82A34-7965-4A32-A827-F9C21B9F67E7}.Debug|Any CPU.Build.0 = Debug|Any CPU
		{FAC82A34-7965-4A32-A827-F9C21B9F67E7}.Release|Any CPU.ActiveCfg = Release|Any CPU
		{FAC82A34-7965-4A32-A827-F9C21B9F67E7}.Release|Any CPU.Build.0 = Release|Any CPU
		{3B50F80F-09A0-4202-A37C-57796128D8CC}.Debug|Any CPU.ActiveCfg = Debug|Any CPU
		{3B50F80F-09A0-4202-A37C-57796128D8CC}.Debug|Any CPU.Build.0 = Debug|Any CPU
		{3B50F80F-09A0-4202-A37C-57796128D8CC}.Release|Any CPU.ActiveCfg = Release|Any CPU
		{3B50F80F-09A0-4202-A37C-57796128D8CC}.Release|Any CPU.Build.0 = Release|Any CPU
		{7DF95AC5-BFEF-4AB7-9A80-434D3BD13C0E}.Debug|Any CPU.ActiveCfg = Debug|Any CPU
		{7DF95AC5-BFEF-4AB7-9A80-434D3BD13C0E}.Debug|Any CPU.Build.0 = Debug|Any CPU
		{7DF95AC5-BFEF-4AB7-9A80-434D3BD13C0E}.Release|Any CPU.ActiveCfg = Release|Any CPU
		{7DF95AC5-BFEF-4AB7-9A80-434D3BD13C0E}.Release|Any CPU.Build.0 = Release|Any CPU
	EndGlobalSection
	GlobalSection(SolutionProperties) = preSolution
		HideSolutionNode = FALSE
	EndGlobalSection
	GlobalSection(ExtensibilityGlobals) = postSolution
		SolutionGuid = {7C3AC646-8004-4583-9831-3249F7B04320}
	EndGlobalSection
EndGlobal
