
Microsoft Visual Studio Solution File, Format Version 12.00
# Visual Studio Version 17
VisualStudioVersion = 17.4.33205.214
MinimumVisualStudioVersion = 10.0.40219.1
Project("{FAE04EC0-301F-11D3-BF4B-00C04F79EFBC}") = "01. Hello SoftUni", "FirstStepsInProgramming_11.09\01. Hello SoftUni.csproj", "{41FDF1E2-0D14-4F88-8338-AD1BD763C742}"
EndProject
Project("{FAE04EC0-301F-11D3-BF4B-00C04F79EFBC}") = "02. Text Reading", "02. Text Reading\02. Text Reading.csproj", "{DE952733-C133-49D0-B0FF-1F70867BD842}"
EndProject
Project("{FAE04EC0-301F-11D3-BF4B-00C04F79EFBC}") = "03. Square Area", "03. Square Area\03. Square Area.csproj", "{7F5CDF6D-3E59-4679-8FE5-F5E320B13E85}"
EndProject
Project("{FAE04EC0-301F-11D3-BF4B-00C04F79EFBC}") = "04. Inches to Centimeters", "04. Inches to Centimeters\04. Inches to Centimeters.csproj", "{7A6CBDD4-C175-44A4-A1B0-9C8F67E12C4A}"
EndProject
Project("{FAE04EC0-301F-11D3-BF4B-00C04F79EFBC}") = "05. Excellent Grade", "05. Excellent Grade\05. Excellent Grade.csproj", "{873E083B-C65B-467F-B0CC-B6A41C6011C3}"
EndProject
Project("{FAE04EC0-301F-11D3-BF4B-00C04F79EFBC}") = "06. Grades If-Else", "06. Grades If-Else\06. Grades If-Else.csproj", "{45952893-5A33-48BC-8684-C1A74CDB8178}"
EndProject
Project("{FAE04EC0-301F-11D3-BF4B-00C04F79EFBC}") = "07. Even or Odd", "07. Even or Odd\07. Even or Odd.csproj", "{33A8208D-AA6E-4A5A-AEB0-27E6EDE473AF}"
EndProject
Project("{FAE04EC0-301F-11D3-BF4B-00C04F79EFBC}") = "08. The Greater Number", "08. The Greater Number\08. The Greater Number.csproj", "{ECBE7E0B-9DE5-44FA-8A3D-D49CD1C3D728}"
EndProject
Project("{FAE04EC0-301F-11D3-BF4B-00C04F79EFBC}") = "09. Numbers' Names", "09. Numbers' Names\09. Numbers' Names.csproj", "{5993E690-B070-401E-9A92-B1E369223290}"
EndProject
Project("{FAE04EC0-301F-11D3-BF4B-00C04F79EFBC}") = "10. Days of the Week", "10. Days of the Week\10. Days of the Week.csproj", "{C31D96CA-4BC7-483D-85DD-4C1E60F94718}"
EndProject
Project("{FAE04EC0-301F-11D3-BF4B-00C04F79EFBC}") = "11. Animal Types", "11. Animal Types\11. Animal Types.csproj", "{216F5F2C-EF1B-4575-878F-E12E1598E440}"
EndProject
Global
	GlobalSection(SolutionConfigurationPlatforms) = preSolution
		Debug|Any CPU = Debug|Any CPU
		Release|Any CPU = Release|Any CPU
	EndGlobalSection
	GlobalSection(ProjectConfigurationPlatforms) = postSolution
		{41FDF1E2-0D14-4F88-8338-AD1BD763C742}.Debug|Any CPU.ActiveCfg = Debug|Any CPU
		{41FDF1E2-0D14-4F88-8338-AD1BD763C742}.Debug|Any CPU.Build.0 = Debug|Any CPU
		{41FDF1E2-0D14-4F88-8338-AD1BD763C742}.Release|Any CPU.ActiveCfg = Release|Any CPU
		{41FDF1E2-0D14-4F88-8338-AD1BD763C742}.Release|Any CPU.Build.0 = Release|Any CPU
		{DE952733-C133-49D0-B0FF-1F70867BD842}.Debug|Any CPU.ActiveCfg = Debug|Any CPU
		{DE952733-C133-49D0-B0FF-1F70867BD842}.Debug|Any CPU.Build.0 = Debug|Any CPU
		{DE952733-C133-49D0-B0FF-1F70867BD842}.Release|Any CPU.ActiveCfg = Release|Any CPU
		{DE952733-C133-49D0-B0FF-1F70867BD842}.Release|Any CPU.Build.0 = Release|Any CPU
		{7F5CDF6D-3E59-4679-8FE5-F5E320B13E85}.Debug|Any CPU.ActiveCfg = Debug|Any CPU
		{7F5CDF6D-3E59-4679-8FE5-F5E320B13E85}.Debug|Any CPU.Build.0 = Debug|Any CPU
		{7F5CDF6D-3E59-4679-8FE5-F5E320B13E85}.Release|Any CPU.ActiveCfg = Release|Any CPU
		{7F5CDF6D-3E59-4679-8FE5-F5E320B13E85}.Release|Any CPU.Build.0 = Release|Any CPU
		{7A6CBDD4-C175-44A4-A1B0-9C8F67E12C4A}.Debug|Any CPU.ActiveCfg = Debug|Any CPU
		{7A6CBDD4-C175-44A4-A1B0-9C8F67E12C4A}.Debug|Any CPU.Build.0 = Debug|Any CPU
		{7A6CBDD4-C175-44A4-A1B0-9C8F67E12C4A}.Release|Any CPU.ActiveCfg = Release|Any CPU
		{7A6CBDD4-C175-44A4-A1B0-9C8F67E12C4A}.Release|Any CPU.Build.0 = Release|Any CPU
		{873E083B-C65B-467F-B0CC-B6A41C6011C3}.Debug|Any CPU.ActiveCfg = Debug|Any CPU
		{873E083B-C65B-467F-B0CC-B6A41C6011C3}.Debug|Any CPU.Build.0 = Debug|Any CPU
		{873E083B-C65B-467F-B0CC-B6A41C6011C3}.Release|Any CPU.ActiveCfg = Release|Any CPU
		{873E083B-C65B-467F-B0CC-B6A41C6011C3}.Release|Any CPU.Build.0 = Release|Any CPU
		{45952893-5A33-48BC-8684-C1A74CDB8178}.Debug|Any CPU.ActiveCfg = Debug|Any CPU
		{45952893-5A33-48BC-8684-C1A74CDB8178}.Debug|Any CPU.Build.0 = Debug|Any CPU
		{45952893-5A33-48BC-8684-C1A74CDB8178}.Release|Any CPU.ActiveCfg = Release|Any CPU
		{45952893-5A33-48BC-8684-C1A74CDB8178}.Release|Any CPU.Build.0 = Release|Any CPU
		{33A8208D-AA6E-4A5A-AEB0-27E6EDE473AF}.Debug|Any CPU.ActiveCfg = Debug|Any CPU
		{33A8208D-AA6E-4A5A-AEB0-27E6EDE473AF}.Debug|Any CPU.Build.0 = Debug|Any CPU
		{33A8208D-AA6E-4A5A-AEB0-27E6EDE473AF}.Release|Any CPU.ActiveCfg = Release|Any CPU
		{33A8208D-AA6E-4A5A-AEB0-27E6EDE473AF}.Release|Any CPU.Build.0 = Release|Any CPU
		{ECBE7E0B-9DE5-44FA-8A3D-D49CD1C3D728}.Debug|Any CPU.ActiveCfg = Debug|Any CPU
		{ECBE7E0B-9DE5-44FA-8A3D-D49CD1C3D728}.Debug|Any CPU.Build.0 = Debug|Any CPU
		{ECBE7E0B-9DE5-44FA-8A3D-D49CD1C3D728}.Release|Any CPU.ActiveCfg = Release|Any CPU
		{ECBE7E0B-9DE5-44FA-8A3D-D49CD1C3D728}.Release|Any CPU.Build.0 = Release|Any CPU
		{5993E690-B070-401E-9A92-B1E369223290}.Debug|Any CPU.ActiveCfg = Debug|Any CPU
		{5993E690-B070-401E-9A92-B1E369223290}.Debug|Any CPU.Build.0 = Debug|Any CPU
		{5993E690-B070-401E-9A92-B1E369223290}.Release|Any CPU.ActiveCfg = Release|Any CPU
		{5993E690-B070-401E-9A92-B1E369223290}.Release|Any CPU.Build.0 = Release|Any CPU
		{C31D96CA-4BC7-483D-85DD-4C1E60F94718}.Debug|Any CPU.ActiveCfg = Debug|Any CPU
		{C31D96CA-4BC7-483D-85DD-4C1E60F94718}.Debug|Any CPU.Build.0 = Debug|Any CPU
		{C31D96CA-4BC7-483D-85DD-4C1E60F94718}.Release|Any CPU.ActiveCfg = Release|Any CPU
		{C31D96CA-4BC7-483D-85DD-4C1E60F94718}.Release|Any CPU.Build.0 = Release|Any CPU
		{216F5F2C-EF1B-4575-878F-E12E1598E440}.Debug|Any CPU.ActiveCfg = Debug|Any CPU
		{216F5F2C-EF1B-4575-878F-E12E1598E440}.Debug|Any CPU.Build.0 = Debug|Any CPU
		{216F5F2C-EF1B-4575-878F-E12E1598E440}.Release|Any CPU.ActiveCfg = Release|Any CPU
		{216F5F2C-EF1B-4575-878F-E12E1598E440}.Release|Any CPU.Build.0 = Release|Any CPU
	EndGlobalSection
	GlobalSection(SolutionProperties) = preSolution
		HideSolutionNode = FALSE
	EndGlobalSection
	GlobalSection(ExtensibilityGlobals) = postSolution
		SolutionGuid = {E7646F7E-ABA0-4102-8686-C2369F761666}
	EndGlobalSection
EndGlobal
